
Microsoft Visual Studio Solution File, Format Version 12.00
# Visual Studio Version 16
VisualStudioVersion = 16.0.29009.5
MinimumVisualStudioVersion = 10.0.40219.1
Project("{2150E333-8FDC-42A3-9474-1A3956D46DE8}") = "tools", "tools", "{C5911799-6F6D-4CDA-B2AB-EEFD9D54A473}"
	ProjectSection(SolutionItems) = preProject
		app-info.json = app-info.json
		Directory.Build.props = Directory.Build.props
		NuGet.Config = NuGet.Config
		readme.md = readme.md
	EndProjectSection
EndProject
Project("{2150E333-8FDC-42A3-9474-1A3956D46DE8}") = "src", "src", "{65507135-64DE-4BD5-AB2D-A0CC5455FD97}"
EndProject
Project("{9A19103F-16F7-4668-BE54-9A1E7A4F7556}") = "Movies.Contracts", "Movies.Contracts\Movies.Contracts.csproj", "{6C49E206-E464-4F41-B01B-CBC8A678898E}"
EndProject
Project("{9A19103F-16F7-4668-BE54-9A1E7A4F7556}") = "Movies.Server", "Movies.Server\Movies.Server.csproj", "{511D5CCA-8369-41D6-A5CF-BBCB26E9A919}"
EndProject
Project("{9A19103F-16F7-4668-BE54-9A1E7A4F7556}") = "Movies.Grains", "Movies.Grains\Movies.Grains.csproj", "{A841A84D-1C54-4043-9B30-218BCFF8DE28}"
EndProject
Project("{9A19103F-16F7-4668-BE54-9A1E7A4F7556}") = "Movies.GrainClients", "Movies.GrainClients\Movies.GrainClients.csproj", "{5B181E89-1CEF-4868-9C62-95E943E9714F}"
EndProject
Project("{9A19103F-16F7-4668-BE54-9A1E7A4F7556}") = "Movies.Core", "Movies.Core\Movies.Core.csproj", "{579B32FE-1B1E-459E-868C-5E24F3F10CF6}"
EndProject
Global
	GlobalSection(SolutionConfigurationPlatforms) = preSolution
		Debug|Any CPU = Debug|Any CPU
		Release|Any CPU = Release|Any CPU
	EndGlobalSection
	GlobalSection(ProjectConfigurationPlatforms) = postSolution
		{6C49E206-E464-4F41-B01B-CBC8A678898E}.Debug|Any CPU.ActiveCfg = Debug|Any CPU
		{6C49E206-E464-4F41-B01B-CBC8A678898E}.Debug|Any CPU.Build.0 = Debug|Any CPU
		{6C49E206-E464-4F41-B01B-CBC8A678898E}.Release|Any CPU.ActiveCfg = Release|Any CPU
		{6C49E206-E464-4F41-B01B-CBC8A678898E}.Release|Any CPU.Build.0 = Release|Any CPU
		{511D5CCA-8369-41D6-A5CF-BBCB26E9A919}.Debug|Any CPU.ActiveCfg = Debug|Any CPU
		{511D5CCA-8369-41D6-A5CF-BBCB26E9A919}.Debug|Any CPU.Build.0 = Debug|Any CPU
		{511D5CCA-8369-41D6-A5CF-BBCB26E9A919}.Release|Any CPU.ActiveCfg = Release|Any CPU
		{511D5CCA-8369-41D6-A5CF-BBCB26E9A919}.Release|Any CPU.Build.0 = Release|Any CPU
		{A841A84D-1C54-4043-9B30-218BCFF8DE28}.Debug|Any CPU.ActiveCfg = Debug|Any CPU
		{A841A84D-1C54-4043-9B30-218BCFF8DE28}.Debug|Any CPU.Build.0 = Debug|Any CPU
		{A841A84D-1C54-4043-9B30-218BCFF8DE28}.Release|Any CPU.ActiveCfg = Release|Any CPU
		{A841A84D-1C54-4043-9B30-218BCFF8DE28}.Release|Any CPU.Build.0 = Release|Any CPU
		{5B181E89-1CEF-4868-9C62-95E943E9714F}.Debug|Any CPU.ActiveCfg = Debug|Any CPU
		{5B181E89-1CEF-4868-9C62-95E943E9714F}.Debug|Any CPU.Build.0 = Debug|Any CPU
		{5B181E89-1CEF-4868-9C62-95E943E9714F}.Release|Any CPU.ActiveCfg = Release|Any CPU
		{5B181E89-1CEF-4868-9C62-95E943E9714F}.Release|Any CPU.Build.0 = Release|Any CPU
		{579B32FE-1B1E-459E-868C-5E24F3F10CF6}.Debug|Any CPU.ActiveCfg = Debug|Any CPU
		{579B32FE-1B1E-459E-868C-5E24F3F10CF6}.Debug|Any CPU.Build.0 = Debug|Any CPU
		{579B32FE-1B1E-459E-868C-5E24F3F10CF6}.Release|Any CPU.ActiveCfg = Release|Any CPU
		{579B32FE-1B1E-459E-868C-5E24F3F10CF6}.Release|Any CPU.Build.0 = Release|Any CPU
	EndGlobalSection
	GlobalSection(SolutionProperties) = preSolution
		HideSolutionNode = FALSE
	EndGlobalSection
	GlobalSection(NestedProjects) = preSolution
		{6C49E206-E464-4F41-B01B-CBC8A678898E} = {65507135-64DE-4BD5-AB2D-A0CC5455FD97}
		{511D5CCA-8369-41D6-A5CF-BBCB26E9A919} = {65507135-64DE-4BD5-AB2D-A0CC5455FD97}
		{A841A84D-1C54-4043-9B30-218BCFF8DE28} = {65507135-64DE-4BD5-AB2D-A0CC5455FD97}
		{5B181E89-1CEF-4868-9C62-95E943E9714F} = {65507135-64DE-4BD5-AB2D-A0CC5455FD97}
		{579B32FE-1B1E-459E-868C-5E24F3F10CF6} = {65507135-64DE-4BD5-AB2D-A0CC5455FD97}
	EndGlobalSection
	GlobalSection(ExtensibilityGlobals) = postSolution
		SolutionGuid = {C8D162F0-CA39-495D-9796-16A8004BB075}
	EndGlobalSection
EndGlobal
